
Microsoft Visual Studio Solution File, Format Version 12.00
# Visual Studio Version 17
VisualStudioVersion = 17.4.33205.214
MinimumVisualStudioVersion = 10.0.40219.1
Project("{FAE04EC0-301F-11D3-BF4B-00C04F79EFBC}") = "UserLoginApp", "UserLoginApp\UserLoginApp.csproj", "{BF5FE524-0711-497E-B06B-05B7044B0977}"
EndProject
Global
	GlobalSection(SolutionConfigurationPlatforms) = preSolution
		Debug|Any CPU = Debug|Any CPU
		Release|Any CPU = Release|Any CPU
	EndGlobalSection
	GlobalSection(ProjectConfigurationPlatforms) = postSolution
		{BF5FE524-0711-497E-B06B-05B7044B0977}.Debug|Any CPU.ActiveCfg = Debug|Any CPU
		{BF5FE524-0711-497E-B06B-05B7044B0977}.Debug|Any CPU.Build.0 = Debug|Any CPU
		{BF5FE524-0711-497E-B06B-05B7044B0977}.Release|Any CPU.ActiveCfg = Release|Any CPU
		{BF5FE524-0711-497E-B06B-05B7044B0977}.Release|Any CPU.Build.0 = Release|Any CPU
	EndGlobalSection
	GlobalSection(SolutionProperties) = preSolution
		HideSolutionNode = FALSE
	EndGlobalSection
	GlobalSection(ExtensibilityGlobals) = postSolution
		SolutionGuid = {1E71FF84-23A8-4BB4-981F-5C0A19FE789D}
	EndGlobalSection
EndGlobal
